
Microsoft Visual Studio Solution File, Format Version 12.00
# Visual Studio Version 17
VisualStudioVersion = 17.11.35312.102
MinimumVisualStudioVersion = 10.0.40219.1
Project("{FAE04EC0-301F-11D3-BF4B-00C04F79EFBC}") = "GeographicObjects", "Ex4\GeographicObjects.csproj", "{15A28121-E2CD-4D92-BBFC-469BD34051C3}"
EndProject
Project("{FAE04EC0-301F-11D3-BF4B-00C04F79EFBC}") = "GeographicObjectsInterface", "GeographicObjectsInterface\GeographicObjectsInterface.csproj", "{BBEC0139-A197-4FED-87E2-BDDB2382FFD5}"
EndProject
Global
	GlobalSection(SolutionConfigurationPlatforms) = preSolution
		Debug|Any CPU = Debug|Any CPU
		Release|Any CPU = Release|Any CPU
	EndGlobalSection
	GlobalSection(ProjectConfigurationPlatforms) = postSolution
		{15A28121-E2CD-4D92-BBFC-469BD34051C3}.Debug|Any CPU.ActiveCfg = Debug|Any CPU
		{15A28121-E2CD-4D92-BBFC-469BD34051C3}.Debug|Any CPU.Build.0 = Debug|Any CPU
		{15A28121-E2CD-4D92-BBFC-469BD34051C3}.Release|Any CPU.ActiveCfg = Release|Any CPU
		{15A28121-E2CD-4D92-BBFC-469BD34051C3}.Release|Any CPU.Build.0 = Release|Any CPU
		{BBEC0139-A197-4FED-87E2-BDDB2382FFD5}.Debug|Any CPU.ActiveCfg = Debug|Any CPU
		{BBEC0139-A197-4FED-87E2-BDDB2382FFD5}.Debug|Any CPU.Build.0 = Debug|Any CPU
		{BBEC0139-A197-4FED-87E2-BDDB2382FFD5}.Release|Any CPU.ActiveCfg = Release|Any CPU
		{BBEC0139-A197-4FED-87E2-BDDB2382FFD5}.Release|Any CPU.Build.0 = Release|Any CPU
	EndGlobalSection
	GlobalSection(SolutionProperties) = preSolution
		HideSolutionNode = FALSE
	EndGlobalSection
	GlobalSection(ExtensibilityGlobals) = postSolution
		SolutionGuid = {3140E3D9-3E3B-4C81-A21C-3F3012EB2490}
	EndGlobalSection
EndGlobal
